
Microsoft Visual Studio Solution File, Format Version 12.00
# Visual Studio Version 16
VisualStudioVersion = 16.0.31729.503
MinimumVisualStudioVersion = 10.0.40219.1
Project("{FAE04EC0-301F-11D3-BF4B-00C04F79EFBC}") = "CobaGit", "CobaGit\CobaGit.csproj", "{214A1442-81A5-4C8B-886D-EABF6AA67FEE}"
EndProject
Global
	GlobalSection(SolutionConfigurationPlatforms) = preSolution
		Debug|Any CPU = Debug|Any CPU
		Release|Any CPU = Release|Any CPU
	EndGlobalSection
	GlobalSection(ProjectConfigurationPlatforms) = postSolution
		{214A1442-81A5-4C8B-886D-EABF6AA67FEE}.Debug|Any CPU.ActiveCfg = Debug|Any CPU
		{214A1442-81A5-4C8B-886D-EABF6AA67FEE}.Debug|Any CPU.Build.0 = Debug|Any CPU
		{214A1442-81A5-4C8B-886D-EABF6AA67FEE}.Release|Any CPU.ActiveCfg = Release|Any CPU
		{214A1442-81A5-4C8B-886D-EABF6AA67FEE}.Release|Any CPU.Build.0 = Release|Any CPU
	EndGlobalSection
	GlobalSection(SolutionProperties) = preSolution
		HideSolutionNode = FALSE
	EndGlobalSection
	GlobalSection(ExtensibilityGlobals) = postSolution
		SolutionGuid = {09A4EAFE-4885-48BB-BE52-9C8FD5DF682F}
	EndGlobalSection
EndGlobal
